
Microsoft Visual Studio Solution File, Format Version 12.00
# Visual Studio Version 17
VisualStudioVersion = 17.1.32210.238
MinimumVisualStudioVersion = 10.0.40219.1
Project("{9A19103F-16F7-4668-BE54-9A1E7A4F7556}") = "CourseWorkCodeFirst", "CourseWorkCodeFirst\CourseWorkCodeFirst.csproj", "{5F824E7D-7A8F-4A82-982C-3F2891141135}"
EndProject
Project("{9A19103F-16F7-4668-BE54-9A1E7A4F7556}") = "DAL", "DAL\DAL.csproj", "{EFB1EC5E-2728-4ACA-95E3-969E93C36E99}"
EndProject
Global
	GlobalSection(SolutionConfigurationPlatforms) = preSolution
		Debug|Any CPU = Debug|Any CPU
		Release|Any CPU = Release|Any CPU
	EndGlobalSection
	GlobalSection(ProjectConfigurationPlatforms) = postSolution
		{5F824E7D-7A8F-4A82-982C-3F2891141135}.Debug|Any CPU.ActiveCfg = Debug|Any CPU
		{5F824E7D-7A8F-4A82-982C-3F2891141135}.Debug|Any CPU.Build.0 = Debug|Any CPU
		{5F824E7D-7A8F-4A82-982C-3F2891141135}.Release|Any CPU.ActiveCfg = Release|Any CPU
		{5F824E7D-7A8F-4A82-982C-3F2891141135}.Release|Any CPU.Build.0 = Release|Any CPU
		{EFB1EC5E-2728-4ACA-95E3-969E93C36E99}.Debug|Any CPU.ActiveCfg = Debug|Any CPU
		{EFB1EC5E-2728-4ACA-95E3-969E93C36E99}.Debug|Any CPU.Build.0 = Debug|Any CPU
		{EFB1EC5E-2728-4ACA-95E3-969E93C36E99}.Release|Any CPU.ActiveCfg = Release|Any CPU
		{EFB1EC5E-2728-4ACA-95E3-969E93C36E99}.Release|Any CPU.Build.0 = Release|Any CPU
	EndGlobalSection
	GlobalSection(SolutionProperties) = preSolution
		HideSolutionNode = FALSE
	EndGlobalSection
	GlobalSection(ExtensibilityGlobals) = postSolution
		SolutionGuid = {3D48EDAF-E27D-48F8-98CF-55837049A574}
	EndGlobalSection
EndGlobal
